{
    "_readme": [
        "This file locks the dependencies of your project to a known state",
        "Read more about it at http://getcomposer.org/doc/01-basic-usage.md#composer-lock-the-lock-file",
        "This file is @generated automatically"
    ],
    "hash": "bdca13d473b5b6b3e6a6570d10e1c7a8",
    "packages": [
        {
            "name": "league/flysystem",
            "version": "1.0.3",
            "source": {
                "type": "git",
                "url": "https://github.com/thephpleague/flysystem.git",
                "reference": "3c2400a99ccc3be6884d40361890010449c6b447"
            },
            "dist": {
                "type": "zip",
                "url": "https://api.github.com/repos/thephpleague/flysystem/zipball/3c2400a99ccc3be6884d40361890010449c6b447",
                "reference": "3c2400a99ccc3be6884d40361890010449c6b447",
                "shasum": ""
            },
            "require": {
                "php": ">=5.4.0"
            },
            "require-dev": {
                "ext-fileinfo": "*",
                "league/phpunit-coverage-listener": "~1.1",
                "mockery/mockery": "~0.9",
                "phpspec/phpspec": "~2.0",
                "phpspec/prophecy-phpunit": "~1.0",
                "phpunit/phpunit": "~4.1",
                "predis/predis": "~1.0",
                "tedivm/stash": "~0.12.0"
            },
            "suggest": {
                "ext-fileinfo": "Required for MimeType",
                "league/flysystem-aws-s3-v2": "Allows you to use S3 storage with AWS SDK v2",
                "league/flysystem-aws-s3-v3": "Allows you to use S3 storage with AWS SDK v3",
                "league/flysystem-azure": "Allows you to use Windows Azure Blob storage",
                "league/flysystem-cached-adapter": "Flysystem adapter decorator for metadata caching",
                "league/flysystem-copy": "Allows you to use Copy.com storage",
                "league/flysystem-dropbox": "Allows you to use Dropbox storage",
                "league/flysystem-eventable-filesystem": "Allows you to use EventableFilesystem",
                "league/flysystem-rackspace": "Allows you to use Rackspace Cloud Files",
                "league/flysystem-sftp": "Allows you to use SFTP server storage via phpseclib",
                "league/flysystem-webdav": "Allows you to use WebDAV storage",
                "league/flysystem-ziparchive": "Allows you to use ZipArchive adapter",
                "predis/predis": "Allows you to use Predis for caching"
            },
            "type": "library",
            "extra": {
                "branch-alias": {
                    "dev-master": "1.1-dev"
                }
            },
            "autoload": {
                "psr-4": {
                    "League\\Flysystem\\": "src/"
                }
            },
            "notification-url": "https://packagist.org/downloads/",
            "license": [
                "MIT"
            ],
            "authors": [
                {
                    "name": "Frank de Jonge",
                    "email": "info@frenky.net"
                }
            ],
            "description": "Many filesystems, one API.",
            "keywords": [
                "Cloud Files",
                "WebDAV",
                "aws",
                "cloud",
                "copy.com",
                "dropbox",
                "file systems",
                "files",
                "filesystem",
                "ftp",
                "rackspace",
                "remote",
                "s3",
                "sftp",
                "storage"
            ],
            "time": "2015-03-29 14:01:43"
        },
        {
            "name": "league/fractal",
            "version": "0.12.0",
            "source": {
                "type": "git",
                "url": "https://github.com/thephpleague/fractal.git",
                "reference": "0a51dcb6398dc2377d086210d0624996a1df8322"
            },
            "dist": {
                "type": "zip",
                "url": "https://api.github.com/repos/thephpleague/fractal/zipball/0a51dcb6398dc2377d086210d0624996a1df8322",
                "reference": "0a51dcb6398dc2377d086210d0624996a1df8322",
                "shasum": ""
            },
            "require": {
                "php": ">=5.4"
            },
            "require-dev": {
                "illuminate/contracts": "~5.0",
                "mockery/mockery": "~0.9",
                "pagerfanta/pagerfanta": "~1.0.0",
                "phpunit/phpunit": "~4.0",
                "squizlabs/php_codesniffer": "~1.5",
                "zendframework/zend-paginator": "~2.3"
            },
            "suggest": {
                "illuminate/pagination": "The Illuminate Pagination component.",
                "pagerfanta/pagerfanta": "Pagerfanta Paginator",
                "zendframework/zend-paginator": "Zend Framework Paginator"
            },
            "type": "library",
            "extra": {
                "branch-alias": {
                    "dev-master": "0.13-dev"
                }
            },
            "autoload": {
                "psr-4": {
                    "League\\Fractal\\": "src"
                }
            },
            "notification-url": "https://packagist.org/downloads/",
            "license": [
                "MIT"
            ],
            "authors": [
                {
                    "name": "Phil Sturgeon",
                    "email": "me@philsturgeon.uk",
                    "homepage": "http://philsturgeon.uk/",
                    "role": "Developer"
                }
            ],
            "description": "Handle the output of complex data structures ready for API output.",
            "homepage": "http://fractal.thephpleague.com/",
            "keywords": [
                "api",
                "json",
                "league",
                "rest"
            ],
            "time": "2015-03-19 15:16:43"
        },
        {
            "name": "siriusphp/upload",
            "version": "2.0.0",
            "source": {
                "type": "git",
                "url": "https://github.com/siriusphp/upload.git",
                "reference": "46901ef5dda62fa81a93e0cb764ca74e075134a4"
            },
            "dist": {
                "type": "zip",
                "url": "https://api.github.com/repos/siriusphp/upload/zipball/46901ef5dda62fa81a93e0cb764ca74e075134a4",
                "reference": "46901ef5dda62fa81a93e0cb764ca74e075134a4",
                "shasum": ""
            },
            "require": {
                "php": ">=5.3",
                "siriusphp/validation": "~2.0"
            },
            "require-dev": {
                "phpunit/phpunit": "3.7",
                "satooshi/php-coveralls": "dev-master"
            },
            "suggest": {
                "knplabs/gaufrette": "Alternative filesystem abstraction library for upload destinations",
                "league/flysystem": "To upload to different destinations, not just to the local file system"
            },
            "type": "library",
            "autoload": {
                "files": [
                    "autoload.php"
                ]
            },
            "notification-url": "https://packagist.org/downloads/",
            "license": [
                "MIT"
            ],
            "authors": [
                {
                    "name": "Adrian Miu",
                    "email": "adrian@adrianmiu.ro"
                }
            ],
            "description": "Framework agnostic upload library",
            "keywords": [
                "file",
                "form",
                "upload",
                "validation"
            ],
            "time": "2015-05-17 08:38:33"
        },
        {
            "name": "siriusphp/validation",
            "version": "2.0.0",
            "source": {
                "type": "git",
                "url": "https://github.com/siriusphp/validation.git",
                "reference": "f7308fd7249442594145e80b55a8f8ccb8d16ebd"
            },
            "dist": {
                "type": "zip",
                "url": "https://api.github.com/repos/siriusphp/validation/zipball/f7308fd7249442594145e80b55a8f8ccb8d16ebd",
                "reference": "f7308fd7249442594145e80b55a8f8ccb8d16ebd",
                "shasum": ""
            },
            "require": {
                "php": ">=5.3"
            },
            "require-dev": {
                "phpunit/phpunit": "3.7",
                "satooshi/php-coveralls": "dev-master"
            },
            "type": "library",
            "autoload": {
                "files": [
                    "autoload.php"
                ]
            },
            "notification-url": "https://packagist.org/downloads/",
            "license": [
                "MIT"
            ],
            "authors": [
                {
                    "name": "Adrian Miu",
                    "email": "adrian@adrianmiu.ro"
                }
            ],
            "description": "Data validation library. Validate arrays, array objects, domain models etc using a simple API. Easily add your own validators on top of the already dozens built-in validation rules",
            "keywords": [
                "form",
                "modeling",
                "sanitization",
                "security",
                "validation"
            ],
            "time": "2015-05-17 07:11:18"
        }
    ],
    "packages-dev": [
        {
            "name": "mikey179/vfsStream",
            "version": "v1.1.0",
            "source": {
                "type": "git",
                "url": "https://github.com/mikey179/vfsStream.git",
                "reference": "fc0fe8f4d0b527254a2dc45f0c265567c881d07e"
            },
            "dist": {
                "type": "zip",
                "url": "https://api.github.com/repos/mikey179/vfsStream/zipball/fc0fe8f4d0b527254a2dc45f0c265567c881d07e",
                "reference": "fc0fe8f4d0b527254a2dc45f0c265567c881d07e",
                "shasum": ""
            },
            "require": {
                "php": ">=5.3.0"
            },
            "type": "library",
            "autoload": {
                "psr-0": {
                    "org\\bovigo\\vfs": "src/main/php"
                }
            },
            "notification-url": "https://packagist.org/downloads/",
            "license": [
                "BSD"
            ],
            "homepage": "http://vfs.bovigo.org/",
            "time": "2012-08-25 12:49:29"
        }
    ],
    "aliases": [],
    "minimum-stability": "stable",
    "stability-flags": [],
    "prefer-stable": false,
    "prefer-lowest": false,
    "platform": {
        "php": ">=5.2.4"
    },
    "platform-dev": []
}
